
Microsoft Visual Studio Solution File, Format Version 12.00
# Visual Studio Version 17
VisualStudioVersion = 17.0.31815.197
MinimumVisualStudioVersion = 10.0.40219.1
Project("{2150E333-8FDC-42A3-9474-1A3956D46DE8}") = "src", "src", "{FA64D90A-AA05-4CC1-A0A9-64A247B1B1A2}"
EndProject
Project("{2150E333-8FDC-42A3-9474-1A3956D46DE8}") = "services", "services", "{A3F507E5-DB25-4BA5-8758-4567CD19F2AE}"
EndProject
Project("{2150E333-8FDC-42A3-9474-1A3956D46DE8}") = "ecommerce", "ecommerce", "{7F6C0BFA-EE52-403E-8388-4AE1A88B7ACE}"
EndProject
Project("{9A19103F-16F7-4668-BE54-9A1E7A4F7556}") = "ECommerce.Domain", "src\services\ecommerce\ECommerce.Domain\ECommerce.Domain.csproj", "{52C9100C-C23E-4B49-A37E-1026D1985BE5}"
EndProject
Project("{9A19103F-16F7-4668-BE54-9A1E7A4F7556}") = "ECommerce.Api", "src\services\ecommerce\ECommerce.Api\ECommerce.Api.csproj", "{1585D27A-0479-4C75-85D2-5FAA645269EA}"
EndProject
Project("{9A19103F-16F7-4668-BE54-9A1E7A4F7556}") = "ECommerce.Infrastructure", "src\services\ecommerce\ECommerce.Infrastructure\ECommerce.Infrastructure.csproj", "{7D8C2612-56AF-427A-AED2-9F7E05839710}"
EndProject
Project("{9A19103F-16F7-4668-BE54-9A1E7A4F7556}") = "ECommerce.Application", "src\services\ecommerce\ECommerce.Application\ECommerce.Application.csproj", "{DA329EAE-5EE3-42BC-9837-43E07F152DE6}"
EndProject
Project("{9A19103F-16F7-4668-BE54-9A1E7A4F7556}") = "ECommerce.Application.Read", "src\services\ecommerce\ECommerce.Application.Read\ECommerce.Application.Read.csproj", "{7AD77D4C-C536-4872-8015-4F964A43E767}"
EndProject
Project("{9A19103F-16F7-4668-BE54-9A1E7A4F7556}") = "ECommerce.Application.Write", "src\services\ecommerce\ECommerce.Application.Write\ECommerce.Application.Write.csproj", "{FA0D5013-A1EE-4E26-A022-E2FB474236BF}"
EndProject
Project("{2150E333-8FDC-42A3-9474-1A3956D46DE8}") = "shared", "shared", "{A7BFFD79-2FA6-42B4-B1BC-AA4F7B25D866}"
EndProject
Project("{9A19103F-16F7-4668-BE54-9A1E7A4F7556}") = "ECommerce.Shared", "src\shared\ECommerce.Shared\ECommerce.Shared.csproj", "{BB19F6B8-048B-4076-BFE2-E69D1AF156F0}"
EndProject
Project("{9A19103F-16F7-4668-BE54-9A1E7A4F7556}") = "ECommerce.Services", "src\services\ecommerce\ECommerce.Services\ECommerce.Services.csproj", "{0469BAE0-2E83-4E7F-B229-B4F100CB1408}"
EndProject
Project("{9A19103F-16F7-4668-BE54-9A1E7A4F7556}") = "ECommerce.Services.Interfaces", "src\services\ecommerce\ECommerce.Services.Interfaces\ECommerce.Services.Interfaces.csproj", "{6247C2FE-31A6-41D7-A7EA-F4EB4C2FE752}"
EndProject
Project("{2150E333-8FDC-42A3-9474-1A3956D46DE8}") = "Solution Items", "Solution Items", "{48FCB110-684A-41E6-82A3-40F969995EA4}"
	ProjectSection(SolutionItems) = preProject
		.gitlab-ci.yml = .gitlab-ci.yml
		docker-compose-staging.yml = docker-compose-staging.yml
		docker-compose.yml = docker-compose.yml
		rabbitmq\Dockerfile = rabbitmq\Dockerfile
		gitlab-ci-staging.yml = gitlab-ci-staging.yml
		rabbitmq\init.sh = rabbitmq\init.sh
		rule.yml = rule.yml
	EndProjectSection
EndProject
Project("{2150E333-8FDC-42A3-9474-1A3956D46DE8}") = "identity", "identity", "{D7CB35BB-1067-4022-9AB3-3639BDC5B52C}"
EndProject
Project("{9A19103F-16F7-4668-BE54-9A1E7A4F7556}") = "Identity.Api", "src\identity\Identity.Api\Identity.Api.csproj", "{4FDE6684-5C27-4F0F-B97C-A62DCFF9FDDC}"
EndProject
Project("{9A19103F-16F7-4668-BE54-9A1E7A4F7556}") = "Identity.Infrastructure", "src\identity\Identity.Infrastructure\Identity.Infrastructure.csproj", "{F275CE0C-C384-455A-A087-0E6AB6730CBF}"
EndProject
Project("{9A19103F-16F7-4668-BE54-9A1E7A4F7556}") = "Identity.Domain", "src\identity\Identity.Domain\Identity.Domain.csproj", "{5207F39F-21C2-4A5F-AAAF-6B8429EF5990}"
EndProject
Project("{2150E333-8FDC-42A3-9474-1A3956D46DE8}") = "gateway", "gateway", "{DF7A2FCB-76A4-44AB-958D-CF643A09A698}"
EndProject
Project("{9A19103F-16F7-4668-BE54-9A1E7A4F7556}") = "ApiGateway", "src\gateway\ApiGateway\ApiGateway.csproj", "{21331009-944E-41DB-A5E8-3298D4FB714B}"
EndProject
Project("{9A19103F-16F7-4668-BE54-9A1E7A4F7556}") = "Identity.Application", "src\identity\Identity.Application\Identity.Application.csproj", "{19AC32D1-2482-48F0-880A-A53E32BFF70A}"
EndProject
Project("{2150E333-8FDC-42A3-9474-1A3956D46DE8}") = "order", "order", "{EE3A443D-A935-47D5-AB38-C1B06BF4BDA9}"
EndProject
Project("{9A19103F-16F7-4668-BE54-9A1E7A4F7556}") = "Order.Api", "src\services\order\Order.Api\Order.Api.csproj", "{475B1718-578B-4F3A-BF57-9ED9502598E6}"
EndProject
Project("{9A19103F-16F7-4668-BE54-9A1E7A4F7556}") = "Order.Domain", "src\services\order\Order.Domain\Order.Domain.csproj", "{79F98AD9-5A0C-4444-AF18-17ACC8572023}"
EndProject
Project("{9A19103F-16F7-4668-BE54-9A1E7A4F7556}") = "Order.Infrastructure", "src\services\order\Order.Infrastructure\Order.Infrastructure.csproj", "{0E043917-1363-4954-A9C7-566B7D2948F4}"
EndProject
Project("{9A19103F-16F7-4668-BE54-9A1E7A4F7556}") = "Order.Application", "src\services\order\Order.Application\Order.Application.csproj", "{4301282E-F0C0-40FD-870B-2C6219D27C6E}"
EndProject
Project("{9A19103F-16F7-4668-BE54-9A1E7A4F7556}") = "Order.Application.Read", "src\services\order\Order.Application.Read\Order.Application.Read.csproj", "{403BD506-0F82-420E-BBE0-EFFBBDD95B3A}"
EndProject
Project("{9A19103F-16F7-4668-BE54-9A1E7A4F7556}") = "Order.Application.Write", "src\services\order\Order.Application.Write\Order.Application.Write.csproj", "{1BD462C6-744B-4FD1-86CF-DB91F3E65184}"
EndProject
Project("{2150E333-8FDC-42A3-9474-1A3956D46DE8}") = "buildingBlocks", "buildingBlocks", "{FE3A1CB2-90F5-47D9-9668-F41D7FE3DD98}"
EndProject
Project("{9A19103F-16F7-4668-BE54-9A1E7A4F7556}") = "EventBus", "src\buildingBlocks\EventBus\EventBus.csproj", "{58E8D7A3-375C-4151-AA5A-2DF6304ABF47}"
EndProject
Project("{9A19103F-16F7-4668-BE54-9A1E7A4F7556}") = "EventBusRabbitMQ", "src\buildingBlocks\EventBusRabbitMQ\EventBusRabbitMQ.csproj", "{E0341371-5BF6-41AE-84B4-89A678EA89D4}"
EndProject
Project("{9A19103F-16F7-4668-BE54-9A1E7A4F7556}") = "Identity.Application.Read", "src\identity\Identity.Application.Read\Identity.Application.Read.csproj", "{2D5D0C97-5E01-47F4-B553-4FE3C8BA1856}"
EndProject
Project("{2150E333-8FDC-42A3-9474-1A3956D46DE8}") = "integration", "integration", "{7A92C463-AF86-49CE-85A8-E710A8822641}"
EndProject
Project("{9A19103F-16F7-4668-BE54-9A1E7A4F7556}") = "Integration.Api", "src\services\integration\Integration.Api\Integration.Api.csproj", "{ADB9F1B6-B9A9-4C1A-8071-7486DD18451F}"
EndProject
Project("{9A19103F-16F7-4668-BE54-9A1E7A4F7556}") = "Integration.Domain", "src\services\integration\Integration.Domain\Integration.Domain.csproj", "{DA3900B2-A3E9-4009-B602-4A2A937D3CE9}"
EndProject
Project("{9A19103F-16F7-4668-BE54-9A1E7A4F7556}") = "Integration.Infrastructure", "src\services\integration\Integration.Infrastructure\Integration.Infrastructure.csproj", "{15286031-27D9-4BEE-993E-B8B121D8F43F}"
EndProject
Project("{9A19103F-16F7-4668-BE54-9A1E7A4F7556}") = "Integration.Events", "src\shared\Integration.Events\Integration.Events\Integration.Events.csproj", "{C69B7B8C-2D8C-4040-A91A-4B69350BAE8A}"
EndProject
Project("{9A19103F-16F7-4668-BE54-9A1E7A4F7556}") = "Order.Services", "src\services\order\Order.Services\Order.Services.csproj", "{2CD2C7C5-07C8-40F2-8AB1-2429FCC1CDF9}"
EndProject
Project("{9A19103F-16F7-4668-BE54-9A1E7A4F7556}") = "Integration.Application.Write", "src\services\integration\Integration.Application.Write\Integration.Application.Write.csproj", "{7555C820-9568-4CA8-85F7-82F380990CCA}"
EndProject
Project("{9A19103F-16F7-4668-BE54-9A1E7A4F7556}") = "Integration.Services", "src\services\integration\Integration.Services\Integration.Services.csproj", "{35C4EC7C-6E7E-4458-9D90-6AD7D8EA9B88}"
EndProject
Project("{9A19103F-16F7-4668-BE54-9A1E7A4F7556}") = "Integration.Application", "src\services\integration\Integration.Application\Integration.Application.csproj", "{1B1476F1-0314-4B4A-8307-F014CCA3001C}"
EndProject
Project("{9A19103F-16F7-4668-BE54-9A1E7A4F7556}") = "Identity.Application.Write", "src\identity\Identity.Application.Write\Identity.Application.Write.csproj", "{701B638D-F271-40B0-A893-DDFFC56124CE}"
EndProject
Project("{9A19103F-16F7-4668-BE54-9A1E7A4F7556}") = "Identity.Services", "src\identity\Identity.Services\Identity.Services.csproj", "{484BE730-83F4-4E2F-83BA-1D2830B951BE}"
EndProject
Project("{2150E333-8FDC-42A3-9474-1A3956D46DE8}") = "synchronize", "synchronize", "{A71E2743-ADD4-48B6-B88F-F0A4CEE83D94}"
EndProject
Project("{9A19103F-16F7-4668-BE54-9A1E7A4F7556}") = "Synchronize.Api", "src\services\synchronize\Synchronize.Api\Synchronize.Api.csproj", "{D7888ABD-821B-4CEC-BD30-445F527F0A63}"
EndProject
Project("{9A19103F-16F7-4668-BE54-9A1E7A4F7556}") = "Synchronize.Infrastructure", "src\services\synchronize\Synchronize.Infrastructure\Synchronize.Infrastructure.csproj", "{DAEBAF3A-BA8E-44A7-B72B-ECCEA786094B}"
EndProject
Project("{9A19103F-16F7-4668-BE54-9A1E7A4F7556}") = "Synchronize.BackgroundTasks", "src\services\synchronize\Synchronize.BackgroundTasks\Synchronize.BackgroundTasks.csproj", "{A5B1C436-44C6-4C4D-B89F-500D6B279868}"
EndProject
Project("{9A19103F-16F7-4668-BE54-9A1E7A4F7556}") = "Scheduler.Jobs", "src\shared\Scheduler.Jobs\Scheduler.Jobs.csproj", "{994F0432-445D-4217-AB95-FAA79F06944B}"
EndProject
Project("{9A19103F-16F7-4668-BE54-9A1E7A4F7556}") = "Synchronize.Domain", "src\services\synchronize\Synchronize.Domain\Synchronize.Domain.csproj", "{B85501EC-9C84-41E2-A71E-4EE7D0239AC2}"
EndProject
Project("{2150E333-8FDC-42A3-9474-1A3956D46DE8}") = "notification", "notification", "{E08760B8-2164-4DFC-B405-A6072C5BCA15}"
EndProject
Project("{9A19103F-16F7-4668-BE54-9A1E7A4F7556}") = "Notification.Api", "src\services\notification\Notification.Api\Notification.Api.csproj", "{ABE4F838-6D9D-4BAE-8A49-019ED91B583D}"
EndProject
Project("{9A19103F-16F7-4668-BE54-9A1E7A4F7556}") = "Notification.Infrastructure", "src\services\notification\Notification.Infrastructure\Notification.Infrastructure.csproj", "{0F7415E7-4913-442E-A7EF-251251855A46}"
EndProject
Project("{9A19103F-16F7-4668-BE54-9A1E7A4F7556}") = "Notification.Domain", "src\services\notification\Notification.Domain\Notification.Domain.csproj", "{95A34DDE-D275-43B3-83ED-8735400749C6}"
EndProject
Project("{9A19103F-16F7-4668-BE54-9A1E7A4F7556}") = "Notification.Application", "src\services\notification\Notification.Application\Notification.Application.csproj", "{45299309-BDAE-4D4E-A7A3-EF9BC7EF8B91}"
EndProject
Project("{9A19103F-16F7-4668-BE54-9A1E7A4F7556}") = "Notification.Services", "src\services\notification\Notification.Services\Notification.Services.csproj", "{F2213FBF-3A89-4C01-A5C2-E016A0BCD6A1}"
EndProject
Project("{9A19103F-16F7-4668-BE54-9A1E7A4F7556}") = "Notification.Application.Read", "src\services\notification\Notification.Application.Read\Notification.Application.Read.csproj", "{E97BDDA6-0D00-4B87-83ED-CE4693B4795E}"
EndProject
Project("{9A19103F-16F7-4668-BE54-9A1E7A4F7556}") = "Notification.Application.Write", "src\services\notification\Notification.Application.Write\Notification.Application.Write.csproj", "{9DEC5563-414F-42F4-8D1C-F7CD097B6433}"
EndProject
Global
	GlobalSection(SolutionConfigurationPlatforms) = preSolution
		Debug|Any CPU = Debug|Any CPU
		Release|Any CPU = Release|Any CPU
	EndGlobalSection
	GlobalSection(ProjectConfigurationPlatforms) = postSolution
		{52C9100C-C23E-4B49-A37E-1026D1985BE5}.Debug|Any CPU.ActiveCfg = Debug|Any CPU
		{52C9100C-C23E-4B49-A37E-1026D1985BE5}.Debug|Any CPU.Build.0 = Debug|Any CPU
		{52C9100C-C23E-4B49-A37E-1026D1985BE5}.Release|Any CPU.ActiveCfg = Release|Any CPU
		{52C9100C-C23E-4B49-A37E-1026D1985BE5}.Release|Any CPU.Build.0 = Release|Any CPU
		{1585D27A-0479-4C75-85D2-5FAA645269EA}.Debug|Any CPU.ActiveCfg = Debug|Any CPU
		{1585D27A-0479-4C75-85D2-5FAA645269EA}.Debug|Any CPU.Build.0 = Debug|Any CPU
		{1585D27A-0479-4C75-85D2-5FAA645269EA}.Release|Any CPU.ActiveCfg = Release|Any CPU
		{1585D27A-0479-4C75-85D2-5FAA645269EA}.Release|Any CPU.Build.0 = Release|Any CPU
		{7D8C2612-56AF-427A-AED2-9F7E05839710}.Debug|Any CPU.ActiveCfg = Debug|Any CPU
		{7D8C2612-56AF-427A-AED2-9F7E05839710}.Debug|Any CPU.Build.0 = Debug|Any CPU
		{7D8C2612-56AF-427A-AED2-9F7E05839710}.Release|Any CPU.ActiveCfg = Release|Any CPU
		{7D8C2612-56AF-427A-AED2-9F7E05839710}.Release|Any CPU.Build.0 = Release|Any CPU
		{DA329EAE-5EE3-42BC-9837-43E07F152DE6}.Debug|Any CPU.ActiveCfg = Debug|Any CPU
		{DA329EAE-5EE3-42BC-9837-43E07F152DE6}.Debug|Any CPU.Build.0 = Debug|Any CPU
		{DA329EAE-5EE3-42BC-9837-43E07F152DE6}.Release|Any CPU.ActiveCfg = Release|Any CPU
		{DA329EAE-5EE3-42BC-9837-43E07F152DE6}.Release|Any CPU.Build.0 = Release|Any CPU
		{7AD77D4C-C536-4872-8015-4F964A43E767}.Debug|Any CPU.ActiveCfg = Debug|Any CPU
		{7AD77D4C-C536-4872-8015-4F964A43E767}.Debug|Any CPU.Build.0 = Debug|Any CPU
		{7AD77D4C-C536-4872-8015-4F964A43E767}.Release|Any CPU.ActiveCfg = Release|Any CPU
		{7AD77D4C-C536-4872-8015-4F964A43E767}.Release|Any CPU.Build.0 = Release|Any CPU
		{FA0D5013-A1EE-4E26-A022-E2FB474236BF}.Debug|Any CPU.ActiveCfg = Debug|Any CPU
		{FA0D5013-A1EE-4E26-A022-E2FB474236BF}.Debug|Any CPU.Build.0 = Debug|Any CPU
		{FA0D5013-A1EE-4E26-A022-E2FB474236BF}.Release|Any CPU.ActiveCfg = Release|Any CPU
		{FA0D5013-A1EE-4E26-A022-E2FB474236BF}.Release|Any CPU.Build.0 = Release|Any CPU
		{BB19F6B8-048B-4076-BFE2-E69D1AF156F0}.Debug|Any CPU.ActiveCfg = Debug|Any CPU
		{BB19F6B8-048B-4076-BFE2-E69D1AF156F0}.Debug|Any CPU.Build.0 = Debug|Any CPU
		{BB19F6B8-048B-4076-BFE2-E69D1AF156F0}.Release|Any CPU.ActiveCfg = Release|Any CPU
		{BB19F6B8-048B-4076-BFE2-E69D1AF156F0}.Release|Any CPU.Build.0 = Release|Any CPU
		{0469BAE0-2E83-4E7F-B229-B4F100CB1408}.Debug|Any CPU.ActiveCfg = Debug|Any CPU
		{0469BAE0-2E83-4E7F-B229-B4F100CB1408}.Debug|Any CPU.Build.0 = Debug|Any CPU
		{0469BAE0-2E83-4E7F-B229-B4F100CB1408}.Release|Any CPU.ActiveCfg = Release|Any CPU
		{0469BAE0-2E83-4E7F-B229-B4F100CB1408}.Release|Any CPU.Build.0 = Release|Any CPU
		{6247C2FE-31A6-41D7-A7EA-F4EB4C2FE752}.Debug|Any CPU.ActiveCfg = Debug|Any CPU
		{6247C2FE-31A6-41D7-A7EA-F4EB4C2FE752}.Debug|Any CPU.Build.0 = Debug|Any CPU
		{6247C2FE-31A6-41D7-A7EA-F4EB4C2FE752}.Release|Any CPU.ActiveCfg = Release|Any CPU
		{6247C2FE-31A6-41D7-A7EA-F4EB4C2FE752}.Release|Any CPU.Build.0 = Release|Any CPU
		{4FDE6684-5C27-4F0F-B97C-A62DCFF9FDDC}.Debug|Any CPU.ActiveCfg = Debug|Any CPU
		{4FDE6684-5C27-4F0F-B97C-A62DCFF9FDDC}.Debug|Any CPU.Build.0 = Debug|Any CPU
		{4FDE6684-5C27-4F0F-B97C-A62DCFF9FDDC}.Release|Any CPU.ActiveCfg = Release|Any CPU
		{4FDE6684-5C27-4F0F-B97C-A62DCFF9FDDC}.Release|Any CPU.Build.0 = Release|Any CPU
		{F275CE0C-C384-455A-A087-0E6AB6730CBF}.Debug|Any CPU.ActiveCfg = Debug|Any CPU
		{F275CE0C-C384-455A-A087-0E6AB6730CBF}.Debug|Any CPU.Build.0 = Debug|Any CPU
		{F275CE0C-C384-455A-A087-0E6AB6730CBF}.Release|Any CPU.ActiveCfg = Release|Any CPU
		{F275CE0C-C384-455A-A087-0E6AB6730CBF}.Release|Any CPU.Build.0 = Release|Any CPU
		{5207F39F-21C2-4A5F-AAAF-6B8429EF5990}.Debug|Any CPU.ActiveCfg = Debug|Any CPU
		{5207F39F-21C2-4A5F-AAAF-6B8429EF5990}.Debug|Any CPU.Build.0 = Debug|Any CPU
		{5207F39F-21C2-4A5F-AAAF-6B8429EF5990}.Release|Any CPU.ActiveCfg = Release|Any CPU
		{5207F39F-21C2-4A5F-AAAF-6B8429EF5990}.Release|Any CPU.Build.0 = Release|Any CPU
		{21331009-944E-41DB-A5E8-3298D4FB714B}.Debug|Any CPU.ActiveCfg = Debug|Any CPU
		{21331009-944E-41DB-A5E8-3298D4FB714B}.Debug|Any CPU.Build.0 = Debug|Any CPU
		{21331009-944E-41DB-A5E8-3298D4FB714B}.Release|Any CPU.ActiveCfg = Release|Any CPU
		{21331009-944E-41DB-A5E8-3298D4FB714B}.Release|Any CPU.Build.0 = Release|Any CPU
		{19AC32D1-2482-48F0-880A-A53E32BFF70A}.Debug|Any CPU.ActiveCfg = Debug|Any CPU
		{19AC32D1-2482-48F0-880A-A53E32BFF70A}.Debug|Any CPU.Build.0 = Debug|Any CPU
		{19AC32D1-2482-48F0-880A-A53E32BFF70A}.Release|Any CPU.ActiveCfg = Release|Any CPU
		{19AC32D1-2482-48F0-880A-A53E32BFF70A}.Release|Any CPU.Build.0 = Release|Any CPU
		{475B1718-578B-4F3A-BF57-9ED9502598E6}.Debug|Any CPU.ActiveCfg = Debug|Any CPU
		{475B1718-578B-4F3A-BF57-9ED9502598E6}.Debug|Any CPU.Build.0 = Debug|Any CPU
		{475B1718-578B-4F3A-BF57-9ED9502598E6}.Release|Any CPU.ActiveCfg = Release|Any CPU
		{475B1718-578B-4F3A-BF57-9ED9502598E6}.Release|Any CPU.Build.0 = Release|Any CPU
		{79F98AD9-5A0C-4444-AF18-17ACC8572023}.Debug|Any CPU.ActiveCfg = Debug|Any CPU
		{79F98AD9-5A0C-4444-AF18-17ACC8572023}.Debug|Any CPU.Build.0 = Debug|Any CPU
		{79F98AD9-5A0C-4444-AF18-17ACC8572023}.Release|Any CPU.ActiveCfg = Release|Any CPU
		{79F98AD9-5A0C-4444-AF18-17ACC8572023}.Release|Any CPU.Build.0 = Release|Any CPU
		{0E043917-1363-4954-A9C7-566B7D2948F4}.Debug|Any CPU.ActiveCfg = Debug|Any CPU
		{0E043917-1363-4954-A9C7-566B7D2948F4}.Debug|Any CPU.Build.0 = Debug|Any CPU
		{0E043917-1363-4954-A9C7-566B7D2948F4}.Release|Any CPU.ActiveCfg = Release|Any CPU
		{0E043917-1363-4954-A9C7-566B7D2948F4}.Release|Any CPU.Build.0 = Release|Any CPU
		{4301282E-F0C0-40FD-870B-2C6219D27C6E}.Debug|Any CPU.ActiveCfg = Debug|Any CPU
		{4301282E-F0C0-40FD-870B-2C6219D27C6E}.Debug|Any CPU.Build.0 = Debug|Any CPU
		{4301282E-F0C0-40FD-870B-2C6219D27C6E}.Release|Any CPU.ActiveCfg = Release|Any CPU
		{4301282E-F0C0-40FD-870B-2C6219D27C6E}.Release|Any CPU.Build.0 = Release|Any CPU
		{403BD506-0F82-420E-BBE0-EFFBBDD95B3A}.Debug|Any CPU.ActiveCfg = Debug|Any CPU
		{403BD506-0F82-420E-BBE0-EFFBBDD95B3A}.Debug|Any CPU.Build.0 = Debug|Any CPU
		{403BD506-0F82-420E-BBE0-EFFBBDD95B3A}.Release|Any CPU.ActiveCfg = Release|Any CPU
		{403BD506-0F82-420E-BBE0-EFFBBDD95B3A}.Release|Any CPU.Build.0 = Release|Any CPU
		{1BD462C6-744B-4FD1-86CF-DB91F3E65184}.Debug|Any CPU.ActiveCfg = Debug|Any CPU
		{1BD462C6-744B-4FD1-86CF-DB91F3E65184}.Debug|Any CPU.Build.0 = Debug|Any CPU
		{1BD462C6-744B-4FD1-86CF-DB91F3E65184}.Release|Any CPU.ActiveCfg = Release|Any CPU
		{1BD462C6-744B-4FD1-86CF-DB91F3E65184}.Release|Any CPU.Build.0 = Release|Any CPU
		{58E8D7A3-375C-4151-AA5A-2DF6304ABF47}.Debug|Any CPU.ActiveCfg = Debug|Any CPU
		{58E8D7A3-375C-4151-AA5A-2DF6304ABF47}.Debug|Any CPU.Build.0 = Debug|Any CPU
		{58E8D7A3-375C-4151-AA5A-2DF6304ABF47}.Release|Any CPU.ActiveCfg = Release|Any CPU
		{58E8D7A3-375C-4151-AA5A-2DF6304ABF47}.Release|Any CPU.Build.0 = Release|Any CPU
		{E0341371-5BF6-41AE-84B4-89A678EA89D4}.Debug|Any CPU.ActiveCfg = Debug|Any CPU
		{E0341371-5BF6-41AE-84B4-89A678EA89D4}.Debug|Any CPU.Build.0 = Debug|Any CPU
		{E0341371-5BF6-41AE-84B4-89A678EA89D4}.Release|Any CPU.ActiveCfg = Release|Any CPU
		{E0341371-5BF6-41AE-84B4-89A678EA89D4}.Release|Any CPU.Build.0 = Release|Any CPU
		{2D5D0C97-5E01-47F4-B553-4FE3C8BA1856}.Debug|Any CPU.ActiveCfg = Debug|Any CPU
		{2D5D0C97-5E01-47F4-B553-4FE3C8BA1856}.Debug|Any CPU.Build.0 = Debug|Any CPU
		{2D5D0C97-5E01-47F4-B553-4FE3C8BA1856}.Release|Any CPU.ActiveCfg = Release|Any CPU
		{2D5D0C97-5E01-47F4-B553-4FE3C8BA1856}.Release|Any CPU.Build.0 = Release|Any CPU
		{ADB9F1B6-B9A9-4C1A-8071-7486DD18451F}.Debug|Any CPU.ActiveCfg = Debug|Any CPU
		{ADB9F1B6-B9A9-4C1A-8071-7486DD18451F}.Debug|Any CPU.Build.0 = Debug|Any CPU
		{ADB9F1B6-B9A9-4C1A-8071-7486DD18451F}.Release|Any CPU.ActiveCfg = Release|Any CPU
		{ADB9F1B6-B9A9-4C1A-8071-7486DD18451F}.Release|Any CPU.Build.0 = Release|Any CPU
		{DA3900B2-A3E9-4009-B602-4A2A937D3CE9}.Debug|Any CPU.ActiveCfg = Debug|Any CPU
		{DA3900B2-A3E9-4009-B602-4A2A937D3CE9}.Debug|Any CPU.Build.0 = Debug|Any CPU
		{DA3900B2-A3E9-4009-B602-4A2A937D3CE9}.Release|Any CPU.ActiveCfg = Release|Any CPU
		{DA3900B2-A3E9-4009-B602-4A2A937D3CE9}.Release|Any CPU.Build.0 = Release|Any CPU
		{15286031-27D9-4BEE-993E-B8B121D8F43F}.Debug|Any CPU.ActiveCfg = Debug|Any CPU
		{15286031-27D9-4BEE-993E-B8B121D8F43F}.Debug|Any CPU.Build.0 = Debug|Any CPU
		{15286031-27D9-4BEE-993E-B8B121D8F43F}.Release|Any CPU.ActiveCfg = Release|Any CPU
		{15286031-27D9-4BEE-993E-B8B121D8F43F}.Release|Any CPU.Build.0 = Release|Any CPU
		{C69B7B8C-2D8C-4040-A91A-4B69350BAE8A}.Debug|Any CPU.ActiveCfg = Debug|Any CPU
		{C69B7B8C-2D8C-4040-A91A-4B69350BAE8A}.Debug|Any CPU.Build.0 = Debug|Any CPU
		{C69B7B8C-2D8C-4040-A91A-4B69350BAE8A}.Release|Any CPU.ActiveCfg = Release|Any CPU
		{C69B7B8C-2D8C-4040-A91A-4B69350BAE8A}.Release|Any CPU.Build.0 = Release|Any CPU
		{2CD2C7C5-07C8-40F2-8AB1-2429FCC1CDF9}.Debug|Any CPU.ActiveCfg = Debug|Any CPU
		{2CD2C7C5-07C8-40F2-8AB1-2429FCC1CDF9}.Debug|Any CPU.Build.0 = Debug|Any CPU
		{2CD2C7C5-07C8-40F2-8AB1-2429FCC1CDF9}.Release|Any CPU.ActiveCfg = Release|Any CPU
		{2CD2C7C5-07C8-40F2-8AB1-2429FCC1CDF9}.Release|Any CPU.Build.0 = Release|Any CPU
		{7555C820-9568-4CA8-85F7-82F380990CCA}.Debug|Any CPU.ActiveCfg = Debug|Any CPU
		{7555C820-9568-4CA8-85F7-82F380990CCA}.Debug|Any CPU.Build.0 = Debug|Any CPU
		{7555C820-9568-4CA8-85F7-82F380990CCA}.Release|Any CPU.ActiveCfg = Release|Any CPU
		{7555C820-9568-4CA8-85F7-82F380990CCA}.Release|Any CPU.Build.0 = Release|Any CPU
		{35C4EC7C-6E7E-4458-9D90-6AD7D8EA9B88}.Debug|Any CPU.ActiveCfg = Debug|Any CPU
		{35C4EC7C-6E7E-4458-9D90-6AD7D8EA9B88}.Debug|Any CPU.Build.0 = Debug|Any CPU
		{35C4EC7C-6E7E-4458-9D90-6AD7D8EA9B88}.Release|Any CPU.ActiveCfg = Release|Any CPU
		{35C4EC7C-6E7E-4458-9D90-6AD7D8EA9B88}.Release|Any CPU.Build.0 = Release|Any CPU
		{1B1476F1-0314-4B4A-8307-F014CCA3001C}.Debug|Any CPU.ActiveCfg = Debug|Any CPU
		{1B1476F1-0314-4B4A-8307-F014CCA3001C}.Debug|Any CPU.Build.0 = Debug|Any CPU
		{1B1476F1-0314-4B4A-8307-F014CCA3001C}.Release|Any CPU.ActiveCfg = Release|Any CPU
		{1B1476F1-0314-4B4A-8307-F014CCA3001C}.Release|Any CPU.Build.0 = Release|Any CPU
		{701B638D-F271-40B0-A893-DDFFC56124CE}.Debug|Any CPU.ActiveCfg = Debug|Any CPU
		{701B638D-F271-40B0-A893-DDFFC56124CE}.Debug|Any CPU.Build.0 = Debug|Any CPU
		{701B638D-F271-40B0-A893-DDFFC56124CE}.Release|Any CPU.ActiveCfg = Release|Any CPU
		{701B638D-F271-40B0-A893-DDFFC56124CE}.Release|Any CPU.Build.0 = Release|Any CPU
		{484BE730-83F4-4E2F-83BA-1D2830B951BE}.Debug|Any CPU.ActiveCfg = Debug|Any CPU
		{484BE730-83F4-4E2F-83BA-1D2830B951BE}.Debug|Any CPU.Build.0 = Debug|Any CPU
		{484BE730-83F4-4E2F-83BA-1D2830B951BE}.Release|Any CPU.ActiveCfg = Release|Any CPU
		{484BE730-83F4-4E2F-83BA-1D2830B951BE}.Release|Any CPU.Build.0 = Release|Any CPU
		{D7888ABD-821B-4CEC-BD30-445F527F0A63}.Debug|Any CPU.ActiveCfg = Debug|Any CPU
		{D7888ABD-821B-4CEC-BD30-445F527F0A63}.Debug|Any CPU.Build.0 = Debug|Any CPU
		{D7888ABD-821B-4CEC-BD30-445F527F0A63}.Release|Any CPU.ActiveCfg = Release|Any CPU
		{D7888ABD-821B-4CEC-BD30-445F527F0A63}.Release|Any CPU.Build.0 = Release|Any CPU
		{DAEBAF3A-BA8E-44A7-B72B-ECCEA786094B}.Debug|Any CPU.ActiveCfg = Debug|Any CPU
		{DAEBAF3A-BA8E-44A7-B72B-ECCEA786094B}.Debug|Any CPU.Build.0 = Debug|Any CPU
		{DAEBAF3A-BA8E-44A7-B72B-ECCEA786094B}.Release|Any CPU.ActiveCfg = Release|Any CPU
		{DAEBAF3A-BA8E-44A7-B72B-ECCEA786094B}.Release|Any CPU.Build.0 = Release|Any CPU
		{A5B1C436-44C6-4C4D-B89F-500D6B279868}.Debug|Any CPU.ActiveCfg = Debug|Any CPU
		{A5B1C436-44C6-4C4D-B89F-500D6B279868}.Debug|Any CPU.Build.0 = Debug|Any CPU
		{A5B1C436-44C6-4C4D-B89F-500D6B279868}.Release|Any CPU.ActiveCfg = Release|Any CPU
		{A5B1C436-44C6-4C4D-B89F-500D6B279868}.Release|Any CPU.Build.0 = Release|Any CPU
		{994F0432-445D-4217-AB95-FAA79F06944B}.Debug|Any CPU.ActiveCfg = Debug|Any CPU
		{994F0432-445D-4217-AB95-FAA79F06944B}.Debug|Any CPU.Build.0 = Debug|Any CPU
		{994F0432-445D-4217-AB95-FAA79F06944B}.Release|Any CPU.ActiveCfg = Release|Any CPU
		{994F0432-445D-4217-AB95-FAA79F06944B}.Release|Any CPU.Build.0 = Release|Any CPU
		{B85501EC-9C84-41E2-A71E-4EE7D0239AC2}.Debug|Any CPU.ActiveCfg = Debug|Any CPU
		{B85501EC-9C84-41E2-A71E-4EE7D0239AC2}.Debug|Any CPU.Build.0 = Debug|Any CPU
		{B85501EC-9C84-41E2-A71E-4EE7D0239AC2}.Release|Any CPU.ActiveCfg = Release|Any CPU
		{B85501EC-9C84-41E2-A71E-4EE7D0239AC2}.Release|Any CPU.Build.0 = Release|Any CPU
		{ABE4F838-6D9D-4BAE-8A49-019ED91B583D}.Debug|Any CPU.ActiveCfg = Debug|Any CPU
		{ABE4F838-6D9D-4BAE-8A49-019ED91B583D}.Debug|Any CPU.Build.0 = Debug|Any CPU
		{ABE4F838-6D9D-4BAE-8A49-019ED91B583D}.Release|Any CPU.ActiveCfg = Release|Any CPU
		{ABE4F838-6D9D-4BAE-8A49-019ED91B583D}.Release|Any CPU.Build.0 = Release|Any CPU
		{0F7415E7-4913-442E-A7EF-251251855A46}.Debug|Any CPU.ActiveCfg = Debug|Any CPU
		{0F7415E7-4913-442E-A7EF-251251855A46}.Debug|Any CPU.Build.0 = Debug|Any CPU
		{0F7415E7-4913-442E-A7EF-251251855A46}.Release|Any CPU.ActiveCfg = Release|Any CPU
		{0F7415E7-4913-442E-A7EF-251251855A46}.Release|Any CPU.Build.0 = Release|Any CPU
		{95A34DDE-D275-43B3-83ED-8735400749C6}.Debug|Any CPU.ActiveCfg = Debug|Any CPU
		{95A34DDE-D275-43B3-83ED-8735400749C6}.Debug|Any CPU.Build.0 = Debug|Any CPU
		{95A34DDE-D275-43B3-83ED-8735400749C6}.Release|Any CPU.ActiveCfg = Release|Any CPU
		{95A34DDE-D275-43B3-83ED-8735400749C6}.Release|Any CPU.Build.0 = Release|Any CPU
		{45299309-BDAE-4D4E-A7A3-EF9BC7EF8B91}.Debug|Any CPU.ActiveCfg = Debug|Any CPU
		{45299309-BDAE-4D4E-A7A3-EF9BC7EF8B91}.Debug|Any CPU.Build.0 = Debug|Any CPU
		{45299309-BDAE-4D4E-A7A3-EF9BC7EF8B91}.Release|Any CPU.ActiveCfg = Release|Any CPU
		{45299309-BDAE-4D4E-A7A3-EF9BC7EF8B91}.Release|Any CPU.Build.0 = Release|Any CPU
		{F2213FBF-3A89-4C01-A5C2-E016A0BCD6A1}.Debug|Any CPU.ActiveCfg = Debug|Any CPU
		{F2213FBF-3A89-4C01-A5C2-E016A0BCD6A1}.Debug|Any CPU.Build.0 = Debug|Any CPU
		{F2213FBF-3A89-4C01-A5C2-E016A0BCD6A1}.Release|Any CPU.ActiveCfg = Release|Any CPU
		{F2213FBF-3A89-4C01-A5C2-E016A0BCD6A1}.Release|Any CPU.Build.0 = Release|Any CPU
		{E97BDDA6-0D00-4B87-83ED-CE4693B4795E}.Debug|Any CPU.ActiveCfg = Debug|Any CPU
		{E97BDDA6-0D00-4B87-83ED-CE4693B4795E}.Debug|Any CPU.Build.0 = Debug|Any CPU
		{E97BDDA6-0D00-4B87-83ED-CE4693B4795E}.Release|Any CPU.ActiveCfg = Release|Any CPU
		{E97BDDA6-0D00-4B87-83ED-CE4693B4795E}.Release|Any CPU.Build.0 = Release|Any CPU
		{9DEC5563-414F-42F4-8D1C-F7CD097B6433}.Debug|Any CPU.ActiveCfg = Debug|Any CPU
		{9DEC5563-414F-42F4-8D1C-F7CD097B6433}.Debug|Any CPU.Build.0 = Debug|Any CPU
		{9DEC5563-414F-42F4-8D1C-F7CD097B6433}.Release|Any CPU.ActiveCfg = Release|Any CPU
		{9DEC5563-414F-42F4-8D1C-F7CD097B6433}.Release|Any CPU.Build.0 = Release|Any CPU
	EndGlobalSection
	GlobalSection(SolutionProperties) = preSolution
		HideSolutionNode = FALSE
	EndGlobalSection
	GlobalSection(NestedProjects) = preSolution
		{A3F507E5-DB25-4BA5-8758-4567CD19F2AE} = {FA64D90A-AA05-4CC1-A0A9-64A247B1B1A2}
		{7F6C0BFA-EE52-403E-8388-4AE1A88B7ACE} = {A3F507E5-DB25-4BA5-8758-4567CD19F2AE}
		{52C9100C-C23E-4B49-A37E-1026D1985BE5} = {7F6C0BFA-EE52-403E-8388-4AE1A88B7ACE}
		{1585D27A-0479-4C75-85D2-5FAA645269EA} = {7F6C0BFA-EE52-403E-8388-4AE1A88B7ACE}
		{7D8C2612-56AF-427A-AED2-9F7E05839710} = {7F6C0BFA-EE52-403E-8388-4AE1A88B7ACE}
		{DA329EAE-5EE3-42BC-9837-43E07F152DE6} = {7F6C0BFA-EE52-403E-8388-4AE1A88B7ACE}
		{7AD77D4C-C536-4872-8015-4F964A43E767} = {7F6C0BFA-EE52-403E-8388-4AE1A88B7ACE}
		{FA0D5013-A1EE-4E26-A022-E2FB474236BF} = {7F6C0BFA-EE52-403E-8388-4AE1A88B7ACE}
		{A7BFFD79-2FA6-42B4-B1BC-AA4F7B25D866} = {FA64D90A-AA05-4CC1-A0A9-64A247B1B1A2}
		{BB19F6B8-048B-4076-BFE2-E69D1AF156F0} = {A7BFFD79-2FA6-42B4-B1BC-AA4F7B25D866}
		{0469BAE0-2E83-4E7F-B229-B4F100CB1408} = {7F6C0BFA-EE52-403E-8388-4AE1A88B7ACE}
		{6247C2FE-31A6-41D7-A7EA-F4EB4C2FE752} = {7F6C0BFA-EE52-403E-8388-4AE1A88B7ACE}
		{D7CB35BB-1067-4022-9AB3-3639BDC5B52C} = {FA64D90A-AA05-4CC1-A0A9-64A247B1B1A2}
		{4FDE6684-5C27-4F0F-B97C-A62DCFF9FDDC} = {D7CB35BB-1067-4022-9AB3-3639BDC5B52C}
		{F275CE0C-C384-455A-A087-0E6AB6730CBF} = {D7CB35BB-1067-4022-9AB3-3639BDC5B52C}
		{5207F39F-21C2-4A5F-AAAF-6B8429EF5990} = {D7CB35BB-1067-4022-9AB3-3639BDC5B52C}
		{DF7A2FCB-76A4-44AB-958D-CF643A09A698} = {FA64D90A-AA05-4CC1-A0A9-64A247B1B1A2}
		{21331009-944E-41DB-A5E8-3298D4FB714B} = {DF7A2FCB-76A4-44AB-958D-CF643A09A698}
		{19AC32D1-2482-48F0-880A-A53E32BFF70A} = {D7CB35BB-1067-4022-9AB3-3639BDC5B52C}
		{EE3A443D-A935-47D5-AB38-C1B06BF4BDA9} = {A3F507E5-DB25-4BA5-8758-4567CD19F2AE}
		{475B1718-578B-4F3A-BF57-9ED9502598E6} = {EE3A443D-A935-47D5-AB38-C1B06BF4BDA9}
		{79F98AD9-5A0C-4444-AF18-17ACC8572023} = {EE3A443D-A935-47D5-AB38-C1B06BF4BDA9}
		{0E043917-1363-4954-A9C7-566B7D2948F4} = {EE3A443D-A935-47D5-AB38-C1B06BF4BDA9}
		{4301282E-F0C0-40FD-870B-2C6219D27C6E} = {EE3A443D-A935-47D5-AB38-C1B06BF4BDA9}
		{403BD506-0F82-420E-BBE0-EFFBBDD95B3A} = {EE3A443D-A935-47D5-AB38-C1B06BF4BDA9}
		{1BD462C6-744B-4FD1-86CF-DB91F3E65184} = {EE3A443D-A935-47D5-AB38-C1B06BF4BDA9}
		{FE3A1CB2-90F5-47D9-9668-F41D7FE3DD98} = {FA64D90A-AA05-4CC1-A0A9-64A247B1B1A2}
		{58E8D7A3-375C-4151-AA5A-2DF6304ABF47} = {FE3A1CB2-90F5-47D9-9668-F41D7FE3DD98}
		{E0341371-5BF6-41AE-84B4-89A678EA89D4} = {FE3A1CB2-90F5-47D9-9668-F41D7FE3DD98}
		{2D5D0C97-5E01-47F4-B553-4FE3C8BA1856} = {D7CB35BB-1067-4022-9AB3-3639BDC5B52C}
		{7A92C463-AF86-49CE-85A8-E710A8822641} = {A3F507E5-DB25-4BA5-8758-4567CD19F2AE}
		{ADB9F1B6-B9A9-4C1A-8071-7486DD18451F} = {7A92C463-AF86-49CE-85A8-E710A8822641}
		{DA3900B2-A3E9-4009-B602-4A2A937D3CE9} = {7A92C463-AF86-49CE-85A8-E710A8822641}
		{15286031-27D9-4BEE-993E-B8B121D8F43F} = {7A92C463-AF86-49CE-85A8-E710A8822641}
		{C69B7B8C-2D8C-4040-A91A-4B69350BAE8A} = {A7BFFD79-2FA6-42B4-B1BC-AA4F7B25D866}
		{2CD2C7C5-07C8-40F2-8AB1-2429FCC1CDF9} = {EE3A443D-A935-47D5-AB38-C1B06BF4BDA9}
		{7555C820-9568-4CA8-85F7-82F380990CCA} = {7A92C463-AF86-49CE-85A8-E710A8822641}
		{35C4EC7C-6E7E-4458-9D90-6AD7D8EA9B88} = {7A92C463-AF86-49CE-85A8-E710A8822641}
		{1B1476F1-0314-4B4A-8307-F014CCA3001C} = {7A92C463-AF86-49CE-85A8-E710A8822641}
		{701B638D-F271-40B0-A893-DDFFC56124CE} = {D7CB35BB-1067-4022-9AB3-3639BDC5B52C}
		{484BE730-83F4-4E2F-83BA-1D2830B951BE} = {D7CB35BB-1067-4022-9AB3-3639BDC5B52C}
		{A71E2743-ADD4-48B6-B88F-F0A4CEE83D94} = {A3F507E5-DB25-4BA5-8758-4567CD19F2AE}
		{D7888ABD-821B-4CEC-BD30-445F527F0A63} = {A71E2743-ADD4-48B6-B88F-F0A4CEE83D94}
		{DAEBAF3A-BA8E-44A7-B72B-ECCEA786094B} = {A71E2743-ADD4-48B6-B88F-F0A4CEE83D94}
		{A5B1C436-44C6-4C4D-B89F-500D6B279868} = {A71E2743-ADD4-48B6-B88F-F0A4CEE83D94}
		{994F0432-445D-4217-AB95-FAA79F06944B} = {A7BFFD79-2FA6-42B4-B1BC-AA4F7B25D866}
		{B85501EC-9C84-41E2-A71E-4EE7D0239AC2} = {A71E2743-ADD4-48B6-B88F-F0A4CEE83D94}
		{E08760B8-2164-4DFC-B405-A6072C5BCA15} = {A3F507E5-DB25-4BA5-8758-4567CD19F2AE}
		{ABE4F838-6D9D-4BAE-8A49-019ED91B583D} = {E08760B8-2164-4DFC-B405-A6072C5BCA15}
		{0F7415E7-4913-442E-A7EF-251251855A46} = {E08760B8-2164-4DFC-B405-A6072C5BCA15}
		{95A34DDE-D275-43B3-83ED-8735400749C6} = {E08760B8-2164-4DFC-B405-A6072C5BCA15}
		{45299309-BDAE-4D4E-A7A3-EF9BC7EF8B91} = {E08760B8-2164-4DFC-B405-A6072C5BCA15}
		{F2213FBF-3A89-4C01-A5C2-E016A0BCD6A1} = {E08760B8-2164-4DFC-B405-A6072C5BCA15}
		{E97BDDA6-0D00-4B87-83ED-CE4693B4795E} = {E08760B8-2164-4DFC-B405-A6072C5BCA15}
		{9DEC5563-414F-42F4-8D1C-F7CD097B6433} = {E08760B8-2164-4DFC-B405-A6072C5BCA15}
	EndGlobalSection
	GlobalSection(ExtensibilityGlobals) = postSolution
		SolutionGuid = {B17955FC-1F32-4D73-8400-AE7124A61E29}
	EndGlobalSection
EndGlobal
